
Microsoft Visual Studio Solution File, Format Version 12.00
# Visual Studio Version 17
VisualStudioVersion = 17.7.34018.315
MinimumVisualStudioVersion = 10.0.40219.1
Project("{8BC9CEB8-8B4A-11D0-8D11-00A0C91BC942}") = "lesson1", "lesson1\lesson1.vcxproj", "{8EDF94CF-6C1F-40B1-952B-9A7D50B8C462}"
EndProject
Project("{8BC9CEB8-8B4A-11D0-8D11-00A0C91BC942}") = "lesson2", "lesson2\lesson2.vcxproj", "{60B0B22E-46FD-4666-821B-E27725EF67AA}"
EndProject
Global
	GlobalSection(SolutionConfigurationPlatforms) = preSolution
		Debug|x64 = Debug|x64
		Debug|x86 = Debug|x86
		Release|x64 = Release|x64
		Release|x86 = Release|x86
	EndGlobalSection
	GlobalSection(ProjectConfigurationPlatforms) = postSolution
		{8EDF94CF-6C1F-40B1-952B-9A7D50B8C462}.Debug|x64.ActiveCfg = Debug|x64
		{8EDF94CF-6C1F-40B1-952B-9A7D50B8C462}.Debug|x64.Build.0 = Debug|x64
		{8EDF94CF-6C1F-40B1-952B-9A7D50B8C462}.Debug|x86.ActiveCfg = Debug|Win32
		{8EDF94CF-6C1F-40B1-952B-9A7D50B8C462}.Debug|x86.Build.0 = Debug|Win32
		{8EDF94CF-6C1F-40B1-952B-9A7D50B8C462}.Release|x64.ActiveCfg = Release|x64
		{8EDF94CF-6C1F-40B1-952B-9A7D50B8C462}.Release|x64.Build.0 = Release|x64
		{8EDF94CF-6C1F-40B1-952B-9A7D50B8C462}.Release|x86.ActiveCfg = Release|Win32
		{8EDF94CF-6C1F-40B1-952B-9A7D50B8C462}.Release|x86.Build.0 = Release|Win32
		{60B0B22E-46FD-4666-821B-E27725EF67AA}.Debug|x64.ActiveCfg = Debug|x64
		{60B0B22E-46FD-4666-821B-E27725EF67AA}.Debug|x64.Build.0 = Debug|x64
		{60B0B22E-46FD-4666-821B-E27725EF67AA}.Debug|x86.ActiveCfg = Debug|Win32
		{60B0B22E-46FD-4666-821B-E27725EF67AA}.Debug|x86.Build.0 = Debug|Win32
		{60B0B22E-46FD-4666-821B-E27725EF67AA}.Release|x64.ActiveCfg = Release|x64
		{60B0B22E-46FD-4666-821B-E27725EF67AA}.Release|x64.Build.0 = Release|x64
		{60B0B22E-46FD-4666-821B-E27725EF67AA}.Release|x86.ActiveCfg = Release|Win32
		{60B0B22E-46FD-4666-821B-E27725EF67AA}.Release|x86.Build.0 = Release|Win32
	EndGlobalSection
	GlobalSection(SolutionProperties) = preSolution
		HideSolutionNode = FALSE
	EndGlobalSection
	GlobalSection(ExtensibilityGlobals) = postSolution
		SolutionGuid = {C891340B-3E8E-4CF4-A818-28A688D29887}
	EndGlobalSection
EndGlobal
